
Microsoft Visual Studio Solution File, Format Version 12.00
# Visual Studio Version 17
VisualStudioVersion = 17.5.33516.290
MinimumVisualStudioVersion = 10.0.40219.1
Project("{FAE04EC0-301F-11D3-BF4B-00C04F79EFBC}") = "VTS_HDSpout", "VTS_HDSpout\VTS_HDSpout.csproj", "{78046A07-BC81-43C4-97CF-667831EB930E}"
EndProject
Global
	GlobalSection(SolutionConfigurationPlatforms) = preSolution
		Debug|Any CPU = Debug|Any CPU
		Release|Any CPU = Release|Any CPU
	EndGlobalSection
	GlobalSection(ProjectConfigurationPlatforms) = postSolution
		{78046A07-BC81-43C4-97CF-667831EB930E}.Debug|Any CPU.ActiveCfg = Debug|Any CPU
		{78046A07-BC81-43C4-97CF-667831EB930E}.Debug|Any CPU.Build.0 = Debug|Any CPU
		{78046A07-BC81-43C4-97CF-667831EB930E}.Release|Any CPU.ActiveCfg = Release|Any CPU
		{78046A07-BC81-43C4-97CF-667831EB930E}.Release|Any CPU.Build.0 = Release|Any CPU
	EndGlobalSection
	GlobalSection(SolutionProperties) = preSolution
		HideSolutionNode = FALSE
	EndGlobalSection
	GlobalSection(ExtensibilityGlobals) = postSolution
		SolutionGuid = {776FF1A8-181B-4EF9-A360-942D50E08A2F}
	EndGlobalSection
EndGlobal
